// !$*UTF8*$!
{
	archiveVersion = 1;
	classes = {
	};
	objectVersion = 55;
	objects = {

/* Begin PBXBuildFile section */
		1155C73928C276220039D22F /* SearchViewListCell.swift in Sources */ = {isa = PBXBuildFile; fileRef = 1155C73828C276220039D22F /* SearchViewListCell.swift */; };
		1161305928BE65F20064B8F7 /* Constants.swift in Sources */ = {isa = PBXBuildFile; fileRef = 1161305828BE65F20064B8F7 /* Constants.swift */; };
		11DB163228BFC527004B05AF /* APIError.swift in Sources */ = {isa = PBXBuildFile; fileRef = 11DB163128BFC527004B05AF /* APIError.swift */; };
		11E8B6FA28C51E94000FF062 /* ImageErrorView.swift in Sources */ = {isa = PBXBuildFile; fileRef = 11E8B6F928C51E94000FF062 /* ImageErrorView.swift */; };
		11E8B6FD28C5278C000FF062 /* GalleryView.swift in Sources */ = {isa = PBXBuildFile; fileRef = 11E8B6FC28C5278C000FF062 /* GalleryView.swift */; };
		11E8B6FF28C52973000FF062 /* GalleryImageView.swift in Sources */ = {isa = PBXBuildFile; fileRef = 11E8B6FE28C52973000FF062 /* GalleryImageView.swift */; };
		11E8B70128C54B0F000FF062 /* GalleryDetailView.swift in Sources */ = {isa = PBXBuildFile; fileRef = 11E8B70028C54B0F000FF062 /* GalleryDetailView.swift */; };
		11FE5E8828BD2FF4008B4082 /* TheMetSearchApp.swift in Sources */ = {isa = PBXBuildFile; fileRef = 11FE5E8728BD2FF4008B4082 /* TheMetSearchApp.swift */; };
		11FE5E8A28BD2FF4008B4082 /* ContentView.swift in Sources */ = {isa = PBXBuildFile; fileRef = 11FE5E8928BD2FF4008B4082 /* ContentView.swift */; };
		11FE5E8C28BD2FF5008B4082 /* Assets.xcassets in Resources */ = {isa = PBXBuildFile; fileRef = 11FE5E8B28BD2FF5008B4082 /* Assets.xcassets */; };
		11FE5E8F28BD2FF5008B4082 /* Preview Assets.xcassets in Resources */ = {isa = PBXBuildFile; fileRef = 11FE5E8E28BD2FF5008B4082 /* Preview Assets.xcassets */; };
		11FE5E9928BD2FF6008B4082 /* TheMetSearchTests.swift in Sources */ = {isa = PBXBuildFile; fileRef = 11FE5E9828BD2FF6008B4082 /* TheMetSearchTests.swift */; };
		11FE5EA328BD2FF6008B4082 /* TheMetSearchUITests.swift in Sources */ = {isa = PBXBuildFile; fileRef = 11FE5EA228BD2FF6008B4082 /* TheMetSearchUITests.swift */; };
		11FE5EA528BD2FF6008B4082 /* TheMetSearchUITestsLaunchTests.swift in Sources */ = {isa = PBXBuildFile; fileRef = 11FE5EA428BD2FF6008B4082 /* TheMetSearchUITestsLaunchTests.swift */; };
		11FE5EB328BD3B37008B4082 /* Client.swift in Sources */ = {isa = PBXBuildFile; fileRef = 11FE5EB228BD3B37008B4082 /* Client.swift */; };
		11FE5EB528BD3B6A008B4082 /* ClientError.swift in Sources */ = {isa = PBXBuildFile; fileRef = 11FE5EB428BD3B6A008B4082 /* ClientError.swift */; };
		11FE5EB728BD3BBA008B4082 /* API.swift in Sources */ = {isa = PBXBuildFile; fileRef = 11FE5EB628BD3BBA008B4082 /* API.swift */; };
		11FE5EB928BD3BEA008B4082 /* LoadingState.swift in Sources */ = {isa = PBXBuildFile; fileRef = 11FE5EB828BD3BEA008B4082 /* LoadingState.swift */; };
		11FE5EBC28BD3D1C008B4082 /* Objects.swift in Sources */ = {isa = PBXBuildFile; fileRef = 11FE5EBB28BD3D1C008B4082 /* Objects.swift */; };
		11FE5EBE28BD3D3A008B4082 /* Object.swift in Sources */ = {isa = PBXBuildFile; fileRef = 11FE5EBD28BD3D3A008B4082 /* Object.swift */; };
		11FE5EC228BD3FBB008B4082 /* SearchViewModel.swift in Sources */ = {isa = PBXBuildFile; fileRef = 11FE5EC128BD3FBB008B4082 /* SearchViewModel.swift */; };
		11FE5EC428BD406F008B4082 /* ObjectViewModel.swift in Sources */ = {isa = PBXBuildFile; fileRef = 11FE5EC328BD406F008B4082 /* ObjectViewModel.swift */; };
		11FE5EC628BD40B2008B4082 /* ImageViewModel.swift in Sources */ = {isa = PBXBuildFile; fileRef = 11FE5EC528BD40B2008B4082 /* ImageViewModel.swift */; };
		11FE5EC828BD4162008B4082 /* SearchView.swift in Sources */ = {isa = PBXBuildFile; fileRef = 11FE5EC728BD4162008B4082 /* SearchView.swift */; };
		11FE5ECA28BD41AD008B4082 /* ObjectView.swift in Sources */ = {isa = PBXBuildFile; fileRef = 11FE5EC928BD41AD008B4082 /* ObjectView.swift */; };
		11FE5ECC28BD41FF008B4082 /* ObjectSuccessView.swift in Sources */ = {isa = PBXBuildFile; fileRef = 11FE5ECB28BD41FF008B4082 /* ObjectSuccessView.swift */; };
		11FE5ECE28BD4272008B4082 /* PrimaryImageView.swift in Sources */ = {isa = PBXBuildFile; fileRef = 11FE5ECD28BD4272008B4082 /* PrimaryImageView.swift */; };
		11FE5ED028BD5E87008B4082 /* ImageCacheManager.swift in Sources */ = {isa = PBXBuildFile; fileRef = 11FE5ECF28BD5E87008B4082 /* ImageCacheManager.swift */; };
/* End PBXBuildFile section */

/* Begin PBXContainerItemProxy section */
		11FE5E9528BD2FF6008B4082 /* PBXContainerItemProxy */ = {
			isa = PBXContainerItemProxy;
			containerPortal = 11FE5E7C28BD2FF3008B4082 /* Project object */;
			proxyType = 1;
			remoteGlobalIDString = 11FE5E8328BD2FF3008B4082;
			remoteInfo = TheMetSearch;
		};
		11FE5E9F28BD2FF6008B4082 /* PBXContainerItemProxy */ = {
			isa = PBXContainerItemProxy;
			containerPortal = 11FE5E7C28BD2FF3008B4082 /* Project object */;
			proxyType = 1;
			remoteGlobalIDString = 11FE5E8328BD2FF3008B4082;
			remoteInfo = TheMetSearch;
		};
/* End PBXContainerItemProxy section */

/* Begin PBXFileReference section */
		1155C73828C276220039D22F /* SearchViewListCell.swift */ = {isa = PBXFileReference; lastKnownFileType = sourcecode.swift; path = SearchViewListCell.swift; sourceTree = "<group>"; };
		1161305828BE65F20064B8F7 /* Constants.swift */ = {isa = PBXFileReference; lastKnownFileType = sourcecode.swift; path = Constants.swift; sourceTree = "<group>"; };
		11DB163128BFC527004B05AF /* APIError.swift */ = {isa = PBXFileReference; lastKnownFileType = sourcecode.swift; path = APIError.swift; sourceTree = "<group>"; };
		11E8B6F928C51E94000FF062 /* ImageErrorView.swift */ = {isa = PBXFileReference; lastKnownFileType = sourcecode.swift; path = ImageErrorView.swift; sourceTree = "<group>"; };
		11E8B6FC28C5278C000FF062 /* GalleryView.swift */ = {isa = PBXFileReference; lastKnownFileType = sourcecode.swift; path = GalleryView.swift; sourceTree = "<group>"; };
		11E8B6FE28C52973000FF062 /* GalleryImageView.swift */ = {isa = PBXFileReference; lastKnownFileType = sourcecode.swift; path = GalleryImageView.swift; sourceTree = "<group>"; };
		11E8B70028C54B0F000FF062 /* GalleryDetailView.swift */ = {isa = PBXFileReference; lastKnownFileType = sourcecode.swift; path = GalleryDetailView.swift; sourceTree = "<group>"; };
		11FE5E8428BD2FF4008B4082 /* TheMetSearch.app */ = {isa = PBXFileReference; explicitFileType = wrapper.application; includeInIndex = 0; path = TheMetSearch.app; sourceTree = BUILT_PRODUCTS_DIR; };
		11FE5E8728BD2FF4008B4082 /* TheMetSearchApp.swift */ = {isa = PBXFileReference; lastKnownFileType = sourcecode.swift; path = TheMetSearchApp.swift; sourceTree = "<group>"; };
		11FE5E8928BD2FF4008B4082 /* ContentView.swift */ = {isa = PBXFileReference; lastKnownFileType = sourcecode.swift; path = ContentView.swift; sourceTree = "<group>"; };
		11FE5E8B28BD2FF5008B4082 /* Assets.xcassets */ = {isa = PBXFileReference; lastKnownFileType = folder.assetcatalog; path = Assets.xcassets; sourceTree = "<group>"; };
		11FE5E8E28BD2FF5008B4082 /* Preview Assets.xcassets */ = {isa = PBXFileReference; lastKnownFileType = folder.assetcatalog; path = "Preview Assets.xcassets"; sourceTree = "<group>"; };
		11FE5E9428BD2FF6008B4082 /* TheMetSearchTests.xctest */ = {isa = PBXFileReference; explicitFileType = wrapper.cfbundle; includeInIndex = 0; path = TheMetSearchTests.xctest; sourceTree = BUILT_PRODUCTS_DIR; };
		11FE5E9828BD2FF6008B4082 /* TheMetSearchTests.swift */ = {isa = PBXFileReference; lastKnownFileType = sourcecode.swift; path = TheMetSearchTests.swift; sourceTree = "<group>"; };
		11FE5E9E28BD2FF6008B4082 /* TheMetSearchUITests.xctest */ = {isa = PBXFileReference; explicitFileType = wrapper.cfbundle; includeInIndex = 0; path = TheMetSearchUITests.xctest; sourceTree = BUILT_PRODUCTS_DIR; };
		11FE5EA228BD2FF6008B4082 /* TheMetSearchUITests.swift */ = {isa = PBXFileReference; lastKnownFileType = sourcecode.swift; path = TheMetSearchUITests.swift; sourceTree = "<group>"; };
		11FE5EA428BD2FF6008B4082 /* TheMetSearchUITestsLaunchTests.swift */ = {isa = PBXFileReference; lastKnownFileType = sourcecode.swift; path = TheMetSearchUITestsLaunchTests.swift; sourceTree = "<group>"; };
		11FE5EB228BD3B37008B4082 /* Client.swift */ = {isa = PBXFileReference; lastKnownFileType = sourcecode.swift; path = Client.swift; sourceTree = "<group>"; };
		11FE5EB428BD3B6A008B4082 /* ClientError.swift */ = {isa = PBXFileReference; lastKnownFileType = sourcecode.swift; path = ClientError.swift; sourceTree = "<group>"; };
		11FE5EB628BD3BBA008B4082 /* API.swift */ = {isa = PBXFileReference; lastKnownFileType = sourcecode.swift; path = API.swift; sourceTree = "<group>"; };
		11FE5EB828BD3BEA008B4082 /* LoadingState.swift */ = {isa = PBXFileReference; lastKnownFileType = sourcecode.swift; path = LoadingState.swift; sourceTree = "<group>"; };
		11FE5EBB28BD3D1C008B4082 /* Objects.swift */ = {isa = PBXFileReference; lastKnownFileType = sourcecode.swift; path = Objects.swift; sourceTree = "<group>"; };
		11FE5EBD28BD3D3A008B4082 /* Object.swift */ = {isa = PBXFileReference; lastKnownFileType = sourcecode.swift; path = Object.swift; sourceTree = "<group>"; };
		11FE5EC128BD3FBB008B4082 /* SearchViewModel.swift */ = {isa = PBXFileReference; lastKnownFileType = sourcecode.swift; path = SearchViewModel.swift; sourceTree = "<group>"; };
		11FE5EC328BD406F008B4082 /* ObjectViewModel.swift */ = {isa = PBXFileReference; lastKnownFileType = sourcecode.swift; path = ObjectViewModel.swift; sourceTree = "<group>"; };
		11FE5EC528BD40B2008B4082 /* ImageViewModel.swift */ = {isa = PBXFileReference; lastKnownFileType = sourcecode.swift; path = ImageViewModel.swift; sourceTree = "<group>"; };
		11FE5EC728BD4162008B4082 /* SearchView.swift */ = {isa = PBXFileReference; lastKnownFileType = sourcecode.swift; path = SearchView.swift; sourceTree = "<group>"; };
		11FE5EC928BD41AD008B4082 /* ObjectView.swift */ = {isa = PBXFileReference; lastKnownFileType = sourcecode.swift; path = ObjectView.swift; sourceTree = "<group>"; };
		11FE5ECB28BD41FF008B4082 /* ObjectSuccessView.swift */ = {isa = PBXFileReference; lastKnownFileType = sourcecode.swift; path = ObjectSuccessView.swift; sourceTree = "<group>"; };
		11FE5ECD28BD4272008B4082 /* PrimaryImageView.swift */ = {isa = PBXFileReference; lastKnownFileType = sourcecode.swift; path = PrimaryImageView.swift; sourceTree = "<group>"; };
		11FE5ECF28BD5E87008B4082 /* ImageCacheManager.swift */ = {isa = PBXFileReference; lastKnownFileType = sourcecode.swift; path = ImageCacheManager.swift; sourceTree = "<group>"; };
/* End PBXFileReference section */

/* Begin PBXFrameworksBuildPhase section */
		11FE5E8128BD2FF3008B4082 /* Frameworks */ = {
			isa = PBXFrameworksBuildPhase;
			buildActionMask = 2147483647;
			files = (
			);
			runOnlyForDeploymentPostprocessing = 0;
		};
		11FE5E9128BD2FF6008B4082 /* Frameworks */ = {
			isa = PBXFrameworksBuildPhase;
			buildActionMask = 2147483647;
			files = (
			);
			runOnlyForDeploymentPostprocessing = 0;
		};
		11FE5E9B28BD2FF6008B4082 /* Frameworks */ = {
			isa = PBXFrameworksBuildPhase;
			buildActionMask = 2147483647;
			files = (
			);
			runOnlyForDeploymentPostprocessing = 0;
		};
/* End PBXFrameworksBuildPhase section */

/* Begin PBXGroup section */
		1155C73728C275EF0039D22F /* Search */ = {
			isa = PBXGroup;
			children = (
				11FE5EC728BD4162008B4082 /* SearchView.swift */,
				1155C73828C276220039D22F /* SearchViewListCell.swift */,
			);
			path = Search;
			sourceTree = "<group>";
		};
		11E8B6F828C51E67000FF062 /* Components */ = {
			isa = PBXGroup;
			children = (
				11E8B6F928C51E94000FF062 /* ImageErrorView.swift */,
			);
			path = Components;
			sourceTree = "<group>";
		};
		11E8B6FB28C52728000FF062 /* Object */ = {
			isa = PBXGroup;
			children = (
				11FE5EC928BD41AD008B4082 /* ObjectView.swift */,
				11FE5ECB28BD41FF008B4082 /* ObjectSuccessView.swift */,
				11FE5ECD28BD4272008B4082 /* PrimaryImageView.swift */,
				11E8B6FC28C5278C000FF062 /* GalleryView.swift */,
				11E8B6FE28C52973000FF062 /* GalleryImageView.swift */,
				11E8B70028C54B0F000FF062 /* GalleryDetailView.swift */,
			);
			path = Object;
			sourceTree = "<group>";
		};
		11FE5E7B28BD2FF3008B4082 = {
			isa = PBXGroup;
			children = (
				11FE5E8628BD2FF4008B4082 /* TheMetSearch */,
				11FE5E9728BD2FF6008B4082 /* TheMetSearchTests */,
				11FE5EA128BD2FF6008B4082 /* TheMetSearchUITests */,
				11FE5E8528BD2FF4008B4082 /* Products */,
			);
			sourceTree = "<group>";
		};
		11FE5E8528BD2FF4008B4082 /* Products */ = {
			isa = PBXGroup;
			children = (
				11FE5E8428BD2FF4008B4082 /* TheMetSearch.app */,
				11FE5E9428BD2FF6008B4082 /* TheMetSearchTests.xctest */,
				11FE5E9E28BD2FF6008B4082 /* TheMetSearchUITests.xctest */,
			);
			name = Products;
			sourceTree = "<group>";
		};
		11FE5E8628BD2FF4008B4082 /* TheMetSearch */ = {
			isa = PBXGroup;
			children = (
				11FE5EB128BD3B1A008B4082 /* Client */,
				11FE5EBA28BD3CF0008B4082 /* Models */,
				11FE5EBF28BD3F35008B4082 /* ViewModels */,
				11FE5EC028BD3F53008B4082 /* Views */,
				11FE5E8728BD2FF4008B4082 /* TheMetSearchApp.swift */,
				11FE5E8928BD2FF4008B4082 /* ContentView.swift */,
				11FE5E8B28BD2FF5008B4082 /* Assets.xcassets */,
				11FE5E8D28BD2FF5008B4082 /* Preview Content */,
				1161305828BE65F20064B8F7 /* Constants.swift */,
			);
			path = TheMetSearch;
			sourceTree = "<group>";
		};
		11FE5E8D28BD2FF5008B4082 /* Preview Content */ = {
			isa = PBXGroup;
			children = (
				11FE5E8E28BD2FF5008B4082 /* Preview Assets.xcassets */,
			);
			path = "Preview Content";
			sourceTree = "<group>";
		};
		11FE5E9728BD2FF6008B4082 /* TheMetSearchTests */ = {
			isa = PBXGroup;
			children = (
				11FE5E9828BD2FF6008B4082 /* TheMetSearchTests.swift */,
			);
			path = TheMetSearchTests;
			sourceTree = "<group>";
		};
		11FE5EA128BD2FF6008B4082 /* TheMetSearchUITests */ = {
			isa = PBXGroup;
			children = (
				11FE5EA228BD2FF6008B4082 /* TheMetSearchUITests.swift */,
				11FE5EA428BD2FF6008B4082 /* TheMetSearchUITestsLaunchTests.swift */,
			);
			path = TheMetSearchUITests;
			sourceTree = "<group>";
		};
		11FE5EB128BD3B1A008B4082 /* Client */ = {
			isa = PBXGroup;
			children = (
				11FE5EB228BD3B37008B4082 /* Client.swift */,
				11FE5EB428BD3B6A008B4082 /* ClientError.swift */,
				11FE5EB628BD3BBA008B4082 /* API.swift */,
				11DB163128BFC527004B05AF /* APIError.swift */,
				11FE5EB828BD3BEA008B4082 /* LoadingState.swift */,
				11FE5ECF28BD5E87008B4082 /* ImageCacheManager.swift */,
			);
			path = Client;
			sourceTree = "<group>";
		};
		11FE5EBA28BD3CF0008B4082 /* Models */ = {
			isa = PBXGroup;
			children = (
				11FE5EBB28BD3D1C008B4082 /* Objects.swift */,
				11FE5EBD28BD3D3A008B4082 /* Object.swift */,
			);
			path = Models;
			sourceTree = "<group>";
		};
		11FE5EBF28BD3F35008B4082 /* ViewModels */ = {
			isa = PBXGroup;
			children = (
				11FE5EC128BD3FBB008B4082 /* SearchViewModel.swift */,
				11FE5EC328BD406F008B4082 /* ObjectViewModel.swift */,
				11FE5EC528BD40B2008B4082 /* ImageViewModel.swift */,
			);
			path = ViewModels;
			sourceTree = "<group>";
		};
		11FE5EC028BD3F53008B4082 /* Views */ = {
			isa = PBXGroup;
			children = (
				1155C73728C275EF0039D22F /* Search */,
				11E8B6FB28C52728000FF062 /* Object */,
				11E8B6F828C51E67000FF062 /* Components */,
			);
			path = Views;
			sourceTree = "<group>";
		};
/* End PBXGroup section */

/* Begin PBXNativeTarget section */
		11FE5E8328BD2FF3008B4082 /* TheMetSearch */ = {
			isa = PBXNativeTarget;
			buildConfigurationList = 11FE5EA828BD2FF6008B4082 /* Build configuration list for PBXNativeTarget "TheMetSearch" */;
			buildPhases = (
				11FE5E8028BD2FF3008B4082 /* Sources */,
				11FE5E8128BD2FF3008B4082 /* Frameworks */,
				11FE5E8228BD2FF3008B4082 /* Resources */,
			);
			buildRules = (
			);
			dependencies = (
			);
			name = TheMetSearch;
			productName = TheMetSearch;
			productReference = 11FE5E8428BD2FF4008B4082 /* TheMetSearch.app */;
			productType = "com.apple.product-type.application";
		};
		11FE5E9328BD2FF6008B4082 /* TheMetSearchTests */ = {
			isa = PBXNativeTarget;
			buildConfigurationList = 11FE5EAB28BD2FF6008B4082 /* Build configuration list for PBXNativeTarget "TheMetSearchTests" */;
			buildPhases = (
				11FE5E9028BD2FF6008B4082 /* Sources */,
				11FE5E9128BD2FF6008B4082 /* Frameworks */,
				11FE5E9228BD2FF6008B4082 /* Resources */,
			);
			buildRules = (
			);
			dependencies = (
				11FE5E9628BD2FF6008B4082 /* PBXTargetDependency */,
			);
			name = TheMetSearchTests;
			productName = TheMetSearchTests;
			productReference = 11FE5E9428BD2FF6008B4082 /* TheMetSearchTests.xctest */;
			productType = "com.apple.product-type.bundle.unit-test";
		};
		11FE5E9D28BD2FF6008B4082 /* TheMetSearchUITests */ = {
			isa = PBXNativeTarget;
			buildConfigurationList = 11FE5EAE28BD2FF6008B4082 /* Build configuration list for PBXNativeTarget "TheMetSearchUITests" */;
			buildPhases = (
				11FE5E9A28BD2FF6008B4082 /* Sources */,
				11FE5E9B28BD2FF6008B4082 /* Frameworks */,
				11FE5E9C28BD2FF6008B4082 /* Resources */,
			);
			buildRules = (
			);
			dependencies = (
				11FE5EA028BD2FF6008B4082 /* PBXTargetDependency */,
			);
			name = TheMetSearchUITests;
			productName = TheMetSearchUITests;
			productReference = 11FE5E9E28BD2FF6008B4082 /* TheMetSearchUITests.xctest */;
			productType = "com.apple.product-type.bundle.ui-testing";
		};
/* End PBXNativeTarget section */

/* Begin PBXProject section */
		11FE5E7C28BD2FF3008B4082 /* Project object */ = {
			isa = PBXProject;
			attributes = {
				BuildIndependentTargetsInParallel = 1;
				LastSwiftUpdateCheck = 1340;
				LastUpgradeCheck = 1340;
				TargetAttributes = {
					11FE5E8328BD2FF3008B4082 = {
						CreatedOnToolsVersion = 13.4.1;
					};
					11FE5E9328BD2FF6008B4082 = {
						CreatedOnToolsVersion = 13.4.1;
						TestTargetID = 11FE5E8328BD2FF3008B4082;
					};
					11FE5E9D28BD2FF6008B4082 = {
						CreatedOnToolsVersion = 13.4.1;
						TestTargetID = 11FE5E8328BD2FF3008B4082;
					};
				};
			};
			buildConfigurationList = 11FE5E7F28BD2FF3008B4082 /* Build configuration list for PBXProject "TheMetSearch" */;
			compatibilityVersion = "Xcode 13.0";
			developmentRegion = en;
			hasScannedForEncodings = 0;
			knownRegions = (
				en,
				Base,
			);
			mainGroup = 11FE5E7B28BD2FF3008B4082;
			productRefGroup = 11FE5E8528BD2FF4008B4082 /* Products */;
			projectDirPath = "";
			projectRoot = "";
			targets = (
				11FE5E8328BD2FF3008B4082 /* TheMetSearch */,
				11FE5E9328BD2FF6008B4082 /* TheMetSearchTests */,
				11FE5E9D28BD2FF6008B4082 /* TheMetSearchUITests */,
			);
		};
/* End PBXProject section */

/* Begin PBXResourcesBuildPhase section */
		11FE5E8228BD2FF3008B4082 /* Resources */ = {
			isa = PBXResourcesBuildPhase;
			buildActionMask = 2147483647;
			files = (
				11FE5E8F28BD2FF5008B4082 /* Preview Assets.xcassets in Resources */,
				11FE5E8C28BD2FF5008B4082 /* Assets.xcassets in Resources */,
			);
			runOnlyForDeploymentPostprocessing = 0;
		};
		11FE5E9228BD2FF6008B4082 /* Resources */ = {
			isa = PBXResourcesBuildPhase;
			buildActionMask = 2147483647;
			files = (
			);
			runOnlyForDeploymentPostprocessing = 0;
		};
		11FE5E9C28BD2FF6008B4082 /* Resources */ = {
			isa = PBXResourcesBuildPhase;
			buildActionMask = 2147483647;
			files = (
			);
			runOnlyForDeploymentPostprocessing = 0;
		};
/* End PBXResourcesBuildPhase section */

/* Begin PBXSourcesBuildPhase section */
		11FE5E8028BD2FF3008B4082 /* Sources */ = {
			isa = PBXSourcesBuildPhase;
			buildActionMask = 2147483647;
			files = (
				11FE5EB928BD3BEA008B4082 /* LoadingState.swift in Sources */,
				1161305928BE65F20064B8F7 /* Constants.swift in Sources */,
				11FE5E8A28BD2FF4008B4082 /* ContentView.swift in Sources */,
				11FE5EB528BD3B6A008B4082 /* ClientError.swift in Sources */,
				11FE5E8828BD2FF4008B4082 /* TheMetSearchApp.swift in Sources */,
				11E8B6FF28C52973000FF062 /* GalleryImageView.swift in Sources */,
				11FE5ED028BD5E87008B4082 /* ImageCacheManager.swift in Sources */,
				11FE5EC828BD4162008B4082 /* SearchView.swift in Sources */,
				11E8B6FD28C5278C000FF062 /* GalleryView.swift in Sources */,
				11E8B6FA28C51E94000FF062 /* ImageErrorView.swift in Sources */,
				11E8B70128C54B0F000FF062 /* GalleryDetailView.swift in Sources */,
				11FE5EB328BD3B37008B4082 /* Client.swift in Sources */,
				11FE5EC428BD406F008B4082 /* ObjectViewModel.swift in Sources */,
				1155C73928C276220039D22F /* SearchViewListCell.swift in Sources */,
				11FE5EBC28BD3D1C008B4082 /* Objects.swift in Sources */,
				11FE5EC228BD3FBB008B4082 /* SearchViewModel.swift in Sources */,
				11FE5EBE28BD3D3A008B4082 /* Object.swift in Sources */,
				11FE5ECA28BD41AD008B4082 /* ObjectView.swift in Sources */,
				11FE5ECC28BD41FF008B4082 /* ObjectSuccessView.swift in Sources */,
				11FE5EC628BD40B2008B4082 /* ImageViewModel.swift in Sources */,
				11FE5ECE28BD4272008B4082 /* PrimaryImageView.swift in Sources */,
				11FE5EB728BD3BBA008B4082 /* API.swift in Sources */,
				11DB163228BFC527004B05AF /* APIError.swift in Sources */,
			);
			runOnlyForDeploymentPostprocessing = 0;
		};
		11FE5E9028BD2FF6008B4082 /* Sources */ = {
			isa = PBXSourcesBuildPhase;
			buildActionMask = 2147483647;
			files = (
				11FE5E9928BD2FF6008B4082 /* TheMetSearchTests.swift in Sources */,
			);
			runOnlyForDeploymentPostprocessing = 0;
		};
		11FE5E9A28BD2FF6008B4082 /* Sources */ = {
			isa = PBXSourcesBuildPhase;
			buildActionMask = 2147483647;
			files = (
				11FE5EA328BD2FF6008B4082 /* TheMetSearchUITests.swift in Sources */,
				11FE5EA528BD2FF6008B4082 /* TheMetSearchUITestsLaunchTests.swift in Sources */,
			);
			runOnlyForDeploymentPostprocessing = 0;
		};
/* End PBXSourcesBuildPhase section */

/* Begin PBXTargetDependency section */
		11FE5E9628BD2FF6008B4082 /* PBXTargetDependency */ = {
			isa = PBXTargetDependency;
			target = 11FE5E8328BD2FF3008B4082 /* TheMetSearch */;
			targetProxy = 11FE5E9528BD2FF6008B4082 /* PBXContainerItemProxy */;
		};
		11FE5EA028BD2FF6008B4082 /* PBXTargetDependency */ = {
			isa = PBXTargetDependency;
			target = 11FE5E8328BD2FF3008B4082 /* TheMetSearch */;
			targetProxy = 11FE5E9F28BD2FF6008B4082 /* PBXContainerItemProxy */;
		};
/* End PBXTargetDependency section */

/* Begin XCBuildConfiguration section */
		11FE5EA628BD2FF6008B4082 /* Debug */ = {
			isa = XCBuildConfiguration;
			buildSettings = {
				ALWAYS_SEARCH_USER_PATHS = NO;
				CLANG_ANALYZER_NONNULL = YES;
				CLANG_ANALYZER_NUMBER_OBJECT_CONVERSION = YES_AGGRESSIVE;
				CLANG_CXX_LANGUAGE_STANDARD = "gnu++17";
				CLANG_ENABLE_MODULES = YES;
				CLANG_ENABLE_OBJC_ARC = YES;
				CLANG_ENABLE_OBJC_WEAK = YES;
				CLANG_WARN_BLOCK_CAPTURE_AUTORELEASING = YES;
				CLANG_WARN_BOOL_CONVERSION = YES;
				CLANG_WARN_COMMA = YES;
				CLANG_WARN_CONSTANT_CONVERSION = YES;
				CLANG_WARN_DEPRECATED_OBJC_IMPLEMENTATIONS = YES;
				CLANG_WARN_DIRECT_OBJC_ISA_USAGE = YES_ERROR;
				CLANG_WARN_DOCUMENTATION_COMMENTS = YES;
				CLANG_WARN_EMPTY_BODY = YES;
				CLANG_WARN_ENUM_CONVERSION = YES;
				CLANG_WARN_INFINITE_RECURSION = YES;
				CLANG_WARN_INT_CONVERSION = YES;
				CLANG_WARN_NON_LITERAL_NULL_CONVERSION = YES;
				CLANG_WARN_OBJC_IMPLICIT_RETAIN_SELF = YES;
				CLANG_WARN_OBJC_LITERAL_CONVERSION = YES;
				CLANG_WARN_OBJC_ROOT_CLASS = YES_ERROR;
				CLANG_WARN_QUOTED_INCLUDE_IN_FRAMEWORK_HEADER = YES;
				CLANG_WARN_RANGE_LOOP_ANALYSIS = YES;
				CLANG_WARN_STRICT_PROTOTYPES = YES;
				CLANG_WARN_SUSPICIOUS_MOVE = YES;
				CLANG_WARN_UNGUARDED_AVAILABILITY = YES_AGGRESSIVE;
				CLANG_WARN_UNREACHABLE_CODE = YES;
				CLANG_WARN__DUPLICATE_METHOD_MATCH = YES;
				COPY_PHASE_STRIP = NO;
				DEBUG_INFORMATION_FORMAT = dwarf;
				ENABLE_STRICT_OBJC_MSGSEND = YES;
				ENABLE_TESTABILITY = YES;
				GCC_C_LANGUAGE_STANDARD = gnu11;
				GCC_DYNAMIC_NO_PIC = NO;
				GCC_NO_COMMON_BLOCKS = YES;
				GCC_OPTIMIZATION_LEVEL = 0;
				GCC_PREPROCESSOR_DEFINITIONS = (
					"DEBUG=1",
					"$(inherited)",
				);
				GCC_WARN_64_TO_32_BIT_CONVERSION = YES;
				GCC_WARN_ABOUT_RETURN_TYPE = YES_ERROR;
				GCC_WARN_UNDECLARED_SELECTOR = YES;
				GCC_WARN_UNINITIALIZED_AUTOS = YES_AGGRESSIVE;
				GCC_WARN_UNUSED_FUNCTION = YES;
				GCC_WARN_UNUSED_VARIABLE = YES;
				IPHONEOS_DEPLOYMENT_TARGET = 15.5;
				MTL_ENABLE_DEBUG_INFO = INCLUDE_SOURCE;
				MTL_FAST_MATH = YES;
				ONLY_ACTIVE_ARCH = YES;
				SDKROOT = iphoneos;
				SWIFT_ACTIVE_COMPILATION_CONDITIONS = DEBUG;
				SWIFT_OPTIMIZATION_LEVEL = "-Onone";
			};
			name = Debug;
		};
		11FE5EA728BD2FF6008B4082 /* Release */ = {
			isa = XCBuildConfiguration;
			buildSettings = {
				ALWAYS_SEARCH_USER_PATHS = NO;
				CLANG_ANALYZER_NONNULL = YES;
				CLANG_ANALYZER_NUMBER_OBJECT_CONVERSION = YES_AGGRESSIVE;
				CLANG_CXX_LANGUAGE_STANDARD = "gnu++17";
				CLANG_ENABLE_MODULES = YES;
				CLANG_ENABLE_OBJC_ARC = YES;
				CLANG_ENABLE_OBJC_WEAK = YES;
				CLANG_WARN_BLOCK_CAPTURE_AUTORELEASING = YES;
				CLANG_WARN_BOOL_CONVERSION = YES;
				CLANG_WARN_COMMA = YES;
				CLANG_WARN_CONSTANT_CONVERSION = YES;
				CLANG_WARN_DEPRECATED_OBJC_IMPLEMENTATIONS = YES;
				CLANG_WARN_DIRECT_OBJC_ISA_USAGE = YES_ERROR;
				CLANG_WARN_DOCUMENTATION_COMMENTS = YES;
				CLANG_WARN_EMPTY_BODY = YES;
				CLANG_WARN_ENUM_CONVERSION = YES;
				CLANG_WARN_INFINITE_RECURSION = YES;
				CLANG_WARN_INT_CONVERSION = YES;
				CLANG_WARN_NON_LITERAL_NULL_CONVERSION = YES;
				CLANG_WARN_OBJC_IMPLICIT_RETAIN_SELF = YES;
				CLANG_WARN_OBJC_LITERAL_CONVERSION = YES;
				CLANG_WARN_OBJC_ROOT_CLASS = YES_ERROR;
				CLANG_WARN_QUOTED_INCLUDE_IN_FRAMEWORK_HEADER = YES;
				CLANG_WARN_RANGE_LOOP_ANALYSIS = YES;
				CLANG_WARN_STRICT_PROTOTYPES = YES;
				CLANG_WARN_SUSPICIOUS_MOVE = YES;
				CLANG_WARN_UNGUARDED_AVAILABILITY = YES_AGGRESSIVE;
				CLANG_WARN_UNREACHABLE_CODE = YES;
				CLANG_WARN__DUPLICATE_METHOD_MATCH = YES;
				COPY_PHASE_STRIP = NO;
				DEBUG_INFORMATION_FORMAT = "dwarf-with-dsym";
				ENABLE_NS_ASSERTIONS = NO;
				ENABLE_STRICT_OBJC_MSGSEND = YES;
				GCC_C_LANGUAGE_STANDARD = gnu11;
				GCC_NO_COMMON_BLOCKS = YES;
				GCC_WARN_64_TO_32_BIT_CONVERSION = YES;
				GCC_WARN_ABOUT_RETURN_TYPE = YES_ERROR;
				GCC_WARN_UNDECLARED_SELECTOR = YES;
				GCC_WARN_UNINITIALIZED_AUTOS = YES_AGGRESSIVE;
				GCC_WARN_UNUSED_FUNCTION = YES;
				GCC_WARN_UNUSED_VARIABLE = YES;
				IPHONEOS_DEPLOYMENT_TARGET = 15.5;
				MTL_ENABLE_DEBUG_INFO = NO;
				MTL_FAST_MATH = YES;
				SDKROOT = iphoneos;
				SWIFT_COMPILATION_MODE = wholemodule;
				SWIFT_OPTIMIZATION_LEVEL = "-O";
				VALIDATE_PRODUCT = YES;
			};
			name = Release;
		};
		11FE5EA928BD2FF6008B4082 /* Debug */ = {
			isa = XCBuildConfiguration;
			buildSettings = {
				ASSETCATALOG_COMPILER_APPICON_NAME = AppIcon;
				ASSETCATALOG_COMPILER_GLOBAL_ACCENT_COLOR_NAME = AccentColor;
				CODE_SIGN_STYLE = Automatic;
				CURRENT_PROJECT_VERSION = 1;
				DEVELOPMENT_ASSET_PATHS = "\"TheMetSearch/Preview Content\"";
				DEVELOPMENT_TEAM = T4C95573CH;
				ENABLE_PREVIEWS = YES;
				GENERATE_INFOPLIST_FILE = YES;
				INFOPLIST_KEY_UIApplicationSceneManifest_Generation = YES;
				INFOPLIST_KEY_UIApplicationSupportsIndirectInputEvents = YES;
				INFOPLIST_KEY_UILaunchScreen_Generation = YES;
				INFOPLIST_KEY_UISupportedInterfaceOrientations = UIInterfaceOrientationPortrait;
				INFOPLIST_KEY_UISupportedInterfaceOrientations_iPad = "UIInterfaceOrientationPortrait UIInterfaceOrientationPortraitUpsideDown UIInterfaceOrientationLandscapeLeft UIInterfaceOrientationLandscapeRight";
				INFOPLIST_KEY_UISupportedInterfaceOrientations_iPhone = "UIInterfaceOrientationPortrait UIInterfaceOrientationLandscapeLeft UIInterfaceOrientationLandscapeRight";
				LD_RUNPATH_SEARCH_PATHS = (
					"$(inherited)",
					"@executable_path/Frameworks",
				);
				MARKETING_VERSION = 1.0;
				PRODUCT_BUNDLE_IDENTIFIER = "dev.soeren-kirchner.TheMetSearch";
				PRODUCT_NAME = "$(TARGET_NAME)";
				SWIFT_EMIT_LOC_STRINGS = YES;
				SWIFT_VERSION = 5.0;
				TARGETED_DEVICE_FAMILY = "1,2";
			};
			name = Debug;
		};
		11FE5EAA28BD2FF6008B4082 /* Release */ = {
			isa = XCBuildConfiguration;
			buildSettings = {
				ASSETCATALOG_COMPILER_APPICON_NAME = AppIcon;
				ASSETCATALOG_COMPILER_GLOBAL_ACCENT_COLOR_NAME = AccentColor;
				CODE_SIGN_STYLE = Automatic;
				CURRENT_PROJECT_VERSION = 1;
				DEVELOPMENT_ASSET_PATHS = "\"TheMetSearch/Preview Content\"";
				DEVELOPMENT_TEAM = T4C95573CH;
				ENABLE_PREVIEWS = YES;
				GENERATE_INFOPLIST_FILE = YES;
				INFOPLIST_KEY_UIApplicationSceneManifest_Generation = YES;
				INFOPLIST_KEY_UIApplicationSupportsIndirectInputEvents = YES;
				INFOPLIST_KEY_UILaunchScreen_Generation = YES;
				INFOPLIST_KEY_UISupportedInterfaceOrientations = UIInterfaceOrientationPortrait;
				INFOPLIST_KEY_UISupportedInterfaceOrientations_iPad = "UIInterfaceOrientationPortrait UIInterfaceOrientationPortraitUpsideDown UIInterfaceOrientationLandscapeLeft UIInterfaceOrientationLandscapeRight";
				INFOPLIST_KEY_UISupportedInterfaceOrientations_iPhone = "UIInterfaceOrientationPortrait UIInterfaceOrientationLandscapeLeft UIInterfaceOrientationLandscapeRight";
				LD_RUNPATH_SEARCH_PATHS = (
					"$(inherited)",
					"@executable_path/Frameworks",
				);
				MARKETING_VERSION = 1.0;
				PRODUCT_BUNDLE_IDENTIFIER = "dev.soeren-kirchner.TheMetSearch";
				PRODUCT_NAME = "$(TARGET_NAME)";
				SWIFT_EMIT_LOC_STRINGS = YES;
				SWIFT_VERSION = 5.0;
				TARGETED_DEVICE_FAMILY = "1,2";
			};
			name = Release;
		};
		11FE5EAC28BD2FF6008B4082 /* Debug */ = {
			isa = XCBuildConfiguration;
			buildSettings = {
				ALWAYS_EMBED_SWIFT_STANDARD_LIBRARIES = YES;
				BUNDLE_LOADER = "$(TEST_HOST)";
				CODE_SIGN_STYLE = Automatic;
				CURRENT_PROJECT_VERSION = 1;
				DEVELOPMENT_TEAM = T4C95573CH;
				GENERATE_INFOPLIST_FILE = YES;
				IPHONEOS_DEPLOYMENT_TARGET = 15.5;
				MARKETING_VERSION = 1.0;
				PRODUCT_BUNDLE_IDENTIFIER = "dev.soeren-kirchner.TheMetSearchTests";
				PRODUCT_NAME = "$(TARGET_NAME)";
				SWIFT_EMIT_LOC_STRINGS = NO;
				SWIFT_VERSION = 5.0;
				TARGETED_DEVICE_FAMILY = "1,2";
				TEST_HOST = "$(BUILT_PRODUCTS_DIR)/TheMetSearch.app/TheMetSearch";
			};
			name = Debug;
		};
		11FE5EAD28BD2FF6008B4082 /* Release */ = {
			isa = XCBuildConfiguration;
			buildSettings = {
				ALWAYS_EMBED_SWIFT_STANDARD_LIBRARIES = YES;
				BUNDLE_LOADER = "$(TEST_HOST)";
				CODE_SIGN_STYLE = Automatic;
				CURRENT_PROJECT_VERSION = 1;
				DEVELOPMENT_TEAM = T4C95573CH;
				GENERATE_INFOPLIST_FILE = YES;
				IPHONEOS_DEPLOYMENT_TARGET = 15.5;
				MARKETING_VERSION = 1.0;
				PRODUCT_BUNDLE_IDENTIFIER = "dev.soeren-kirchner.TheMetSearchTests";
				PRODUCT_NAME = "$(TARGET_NAME)";
				SWIFT_EMIT_LOC_STRINGS = NO;
				SWIFT_VERSION = 5.0;
				TARGETED_DEVICE_FAMILY = "1,2";
				TEST_HOST = "$(BUILT_PRODUCTS_DIR)/TheMetSearch.app/TheMetSearch";
			};
			name = Release;
		};
		11FE5EAF28BD2FF6008B4082 /* Debug */ = {
			isa = XCBuildConfiguration;
			buildSettings = {
				ALWAYS_EMBED_SWIFT_STANDARD_LIBRARIES = YES;
				CODE_SIGN_STYLE = Automatic;
				CURRENT_PROJECT_VERSION = 1;
				DEVELOPMENT_TEAM = T4C95573CH;
				GENERATE_INFOPLIST_FILE = YES;
				MARKETING_VERSION = 1.0;
				PRODUCT_BUNDLE_IDENTIFIER = "dev.soeren-kirchner.TheMetSearchUITests";
				PRODUCT_NAME = "$(TARGET_NAME)";
				SWIFT_EMIT_LOC_STRINGS = NO;
				SWIFT_VERSION = 5.0;
				TARGETED_DEVICE_FAMILY = "1,2";
				TEST_TARGET_NAME = TheMetSearch;
			};
			name = Debug;
		};
		11FE5EB028BD2FF6008B4082 /* Release */ = {
			isa = XCBuildConfiguration;
			buildSettings = {
				ALWAYS_EMBED_SWIFT_STANDARD_LIBRARIES = YES;
				CODE_SIGN_STYLE = Automatic;
				CURRENT_PROJECT_VERSION = 1;
				DEVELOPMENT_TEAM = T4C95573CH;
				GENERATE_INFOPLIST_FILE = YES;
				MARKETING_VERSION = 1.0;
				PRODUCT_BUNDLE_IDENTIFIER = "dev.soeren-kirchner.TheMetSearchUITests";
				PRODUCT_NAME = "$(TARGET_NAME)";
				SWIFT_EMIT_LOC_STRINGS = NO;
				SWIFT_VERSION = 5.0;
				TARGETED_DEVICE_FAMILY = "1,2";
				TEST_TARGET_NAME = TheMetSearch;
			};
			name = Release;
		};
/* End XCBuildConfiguration section */

/* Begin XCConfigurationList section */
		11FE5E7F28BD2FF3008B4082 /* Build configuration list for PBXProject "TheMetSearch" */ = {
			isa = XCConfigurationList;
			buildConfigurations = (
				11FE5EA628BD2FF6008B4082 /* Debug */,
				11FE5EA728BD2FF6008B4082 /* Release */,
			);
			defaultConfigurationIsVisible = 0;
			defaultConfigurationName = Release;
		};
		11FE5EA828BD2FF6008B4082 /* Build configuration list for PBXNativeTarget "TheMetSearch" */ = {
			isa = XCConfigurationList;
			buildConfigurations = (
				11FE5EA928BD2FF6008B4082 /* Debug */,
				11FE5EAA28BD2FF6008B4082 /* Release */,
			);
			defaultConfigurationIsVisible = 0;
			defaultConfigurationName = Release;
		};
		11FE5EAB28BD2FF6008B4082 /* Build configuration list for PBXNativeTarget "TheMetSearchTests" */ = {
			isa = XCConfigurationList;
			buildConfigurations = (
				11FE5EAC28BD2FF6008B4082 /* Debug */,
				11FE5EAD28BD2FF6008B4082 /* Release */,
			);
			defaultConfigurationIsVisible = 0;
			defaultConfigurationName = Release;
		};
		11FE5EAE28BD2FF6008B4082 /* Build configuration list for PBXNativeTarget "TheMetSearchUITests" */ = {
			isa = XCConfigurationList;
			buildConfigurations = (
				11FE5EAF28BD2FF6008B4082 /* Debug */,
				11FE5EB028BD2FF6008B4082 /* Release */,
			);
			defaultConfigurationIsVisible = 0;
			defaultConfigurationName = Release;
		};
/* End XCConfigurationList section */
	};
	rootObject = 11FE5E7C28BD2FF3008B4082 /* Project object */;
}
